{
  "nodes": {
    "im-switch-nvim": {
      "flake": false,
      "locked": {
        "lastModified": 1749969408,
        "narHash": "sha256-ZnReBuUwM2IjqduDdDbtbFNmiEWAMgQFBI5pE/4FDO4=",
        "owner": "drop-stones",
        "repo": "im-switch.nvim",
        "rev": "6d838c69592c50dfab261d306260ae3db5787ee9",
        "type": "github"
      },
      "original": {
        "owner": "drop-stones",
        "repo": "im-switch.nvim",
        "type": "github"
      }
    },
    "nixpkgs": {
      "locked": {
        "lastModified": 1750731501,
        "narHash": "sha256-Ah4qq+SbwMaGkuXCibyg+Fwn00el4KmI3XFX6htfDuk=",
        "owner": "nixos",
        "repo": "nixpkgs",
        "rev": "69dfebb3d175bde602f612915c5576a41b18486b",
        "type": "github"
      },
      "original": {
        "owner": "nixos",
        "ref": "nixpkgs-unstable",
        "repo": "nixpkgs",
        "type": "github"
      }
    },
    "root": {
      "inputs": {
        "im-switch-nvim": "im-switch-nvim",
        "nixpkgs": "nixpkgs"
      }
    }
  },
  "root": "root",
  "version": 7
}
