{
  "nodes": {
    "im-switch-nvim": {
      "flake": false,
      "locked": {
        "lastModified": 1749969408,
        "narHash": "sha256-ZnReBuUwM2IjqduDdDbtbFNmiEWAMgQFBI5pE/4FDO4=",
        "owner": "drop-stones",
        "repo": "im-switch.nvim",
        "rev": "6d838c69592c50dfab261d306260ae3db5787ee9",
        "type": "github"
      },
      "original": {
        "owner": "drop-stones",
        "repo": "im-switch.nvim",
        "type": "github"
      }
    },
    "nixpkgs": {
      "locked": {
        "lastModified": 1764230294,
        "narHash": "sha256-Z63xl5Scj3Y/zRBPAWq1eT68n2wBWGCIEF4waZ0bQBE=",
        "owner": "nixos",
        "repo": "nixpkgs",
        "rev": "0d59e0290eefe0f12512043842d7096c4070f30e",
        "type": "github"
      },
      "original": {
        "owner": "nixos",
        "ref": "nixpkgs-unstable",
        "repo": "nixpkgs",
        "type": "github"
      }
    },
    "opencode-nvim": {
      "flake": false,
      "locked": {
        "lastModified": 1764119131,
        "narHash": "sha256-AiixKN3DVpco0u5WjC9I2sNU/aAwNLwWO56Sic+8S6o=",
        "owner": "NickvanDyke",
        "repo": "opencode.nvim",
        "rev": "81ac51f93676e24cbe164dfb2c89733c87aa4ded",
        "type": "github"
      },
      "original": {
        "owner": "NickvanDyke",
        "repo": "opencode.nvim",
        "type": "github"
      }
    },
    "root": {
      "inputs": {
        "im-switch-nvim": "im-switch-nvim",
        "nixpkgs": "nixpkgs",
        "opencode-nvim": "opencode-nvim"
      }
    }
  },
  "root": "root",
  "version": 7
}
