{
  "nodes": {
    "im-switch-nvim": {
      "flake": false,
      "locked": {
        "lastModified": 1749285900,
        "narHash": "sha256-JjoQDHHv0oWbGeuViUeclHAuIyglsFxJzKWqwJI7I2g=",
        "owner": "drop-stones",
        "repo": "im-switch.nvim",
        "rev": "52efcfbd84db4a8f5a872ec54cf21eea65cdbf54",
        "type": "github"
      },
      "original": {
        "owner": "drop-stones",
        "repo": "im-switch.nvim",
        "type": "github"
      }
    },
    "nixpkgs": {
      "locked": {
        "lastModified": 1749143949,
        "narHash": "sha256-QuUtALJpVrPnPeozlUG/y+oIMSLdptHxb3GK6cpSVhA=",
        "owner": "nixos",
        "repo": "nixpkgs",
        "rev": "d3d2d80a2191a73d1e86456a751b83aa13085d7d",
        "type": "github"
      },
      "original": {
        "owner": "nixos",
        "ref": "nixos-unstable",
        "repo": "nixpkgs",
        "type": "github"
      }
    },
    "root": {
      "inputs": {
        "im-switch-nvim": "im-switch-nvim",
        "nixpkgs": "nixpkgs"
      }
    }
  },
  "root": "root",
  "version": 7
}
