{
  "nodes": {
    "flake-compat": {
      "flake": false,
      "locked": {
        "lastModified": 1747046372,
        "narHash": "sha256-CIVLLkVgvHYbgI2UpXvIIBJ12HWgX+fjA8Xf8PUmqCY=",
        "owner": "edolstra",
        "repo": "flake-compat",
        "rev": "9100a0f413b0c601e0533d1d94ffd501ce2e7885",
        "type": "github"
      },
      "original": {
        "owner": "edolstra",
        "repo": "flake-compat",
        "type": "github"
      }
    },
    "git-hooks": {
      "inputs": {
        "flake-compat": "flake-compat",
        "gitignore": "gitignore",
        "nixpkgs": "nixpkgs"
      },
      "locked": {
        "lastModified": 1760663237,
        "narHash": "sha256-BflA6U4AM1bzuRMR8QqzPXqh8sWVCNDzOdsxXEguJIc=",
        "owner": "cachix",
        "repo": "git-hooks.nix",
        "rev": "ca5b894d3e3e151ffc1db040b6ce4dcc75d31c37",
        "type": "github"
      },
      "original": {
        "owner": "cachix",
        "repo": "git-hooks.nix",
        "type": "github"
      }
    },
    "gitignore": {
      "inputs": {
        "nixpkgs": [
          "git-hooks",
          "nixpkgs"
        ]
      },
      "locked": {
        "lastModified": 1709087332,
        "narHash": "sha256-HG2cCnktfHsKV0s4XW83gU3F57gaTljL9KNSuG6bnQs=",
        "owner": "hercules-ci",
        "repo": "gitignore.nix",
        "rev": "637db329424fd7e46cf4185293b9cc8c88c95394",
        "type": "github"
      },
      "original": {
        "owner": "hercules-ci",
        "repo": "gitignore.nix",
        "type": "github"
      }
    },
    "im-switch-nvim": {
      "flake": false,
      "locked": {
        "lastModified": 1749969408,
        "narHash": "sha256-ZnReBuUwM2IjqduDdDbtbFNmiEWAMgQFBI5pE/4FDO4=",
        "owner": "drop-stones",
        "repo": "im-switch.nvim",
        "rev": "6d838c69592c50dfab261d306260ae3db5787ee9",
        "type": "github"
      },
      "original": {
        "owner": "drop-stones",
        "repo": "im-switch.nvim",
        "type": "github"
      }
    },
    "im-switch-nvim_2": {
      "flake": false,
      "locked": {
        "lastModified": 1749969408,
        "narHash": "sha256-ZnReBuUwM2IjqduDdDbtbFNmiEWAMgQFBI5pE/4FDO4=",
        "owner": "drop-stones",
        "repo": "im-switch.nvim",
        "rev": "6d838c69592c50dfab261d306260ae3db5787ee9",
        "type": "github"
      },
      "original": {
        "owner": "drop-stones",
        "repo": "im-switch.nvim",
        "type": "github"
      }
    },
    "nixpkgs": {
      "locked": {
        "lastModified": 1759070547,
        "narHash": "sha256-JVZl8NaVRYb0+381nl7LvPE+A774/dRpif01FKLrYFQ=",
        "owner": "NixOS",
        "repo": "nixpkgs",
        "rev": "647e5c14cbd5067f44ac86b74f014962df460840",
        "type": "github"
      },
      "original": {
        "owner": "NixOS",
        "ref": "nixpkgs-unstable",
        "repo": "nixpkgs",
        "type": "github"
      }
    },
    "nixpkgs_2": {
      "locked": {
        "lastModified": 1759632233,
        "narHash": "sha256-krgZxGAIIIKFJS+UB0l8do3sYUDWJc75M72tepmVMzE=",
        "owner": "nixos",
        "repo": "nixpkgs",
        "rev": "d7f52a7a640bc54c7bb414cca603835bf8dd4b10",
        "type": "github"
      },
      "original": {
        "owner": "nixos",
        "ref": "nixpkgs-unstable",
        "repo": "nixpkgs",
        "type": "github"
      }
    },
    "nixpkgs_3": {
      "locked": {
        "lastModified": 1759632233,
        "narHash": "sha256-krgZxGAIIIKFJS+UB0l8do3sYUDWJc75M72tepmVMzE=",
        "owner": "nixos",
        "repo": "nixpkgs",
        "rev": "d7f52a7a640bc54c7bb414cca603835bf8dd4b10",
        "type": "github"
      },
      "original": {
        "owner": "nixos",
        "ref": "nixpkgs-unstable",
        "repo": "nixpkgs",
        "type": "github"
      }
    },
    "nixpkgs_4": {
      "locked": {
        "lastModified": 1754340878,
        "narHash": "sha256-lgmUyVQL9tSnvvIvBp7x1euhkkCho7n3TMzgjdvgPoU=",
        "owner": "nixos",
        "repo": "nixpkgs",
        "rev": "cab778239e705082fe97bb4990e0d24c50924c04",
        "type": "github"
      },
      "original": {
        "owner": "nixos",
        "ref": "nixpkgs-unstable",
        "repo": "nixpkgs",
        "type": "github"
      }
    },
    "nvim": {
      "inputs": {
        "im-switch-nvim": "im-switch-nvim",
        "nixpkgs": "nixpkgs_2"
      },
      "locked": {
        "lastModified": 1760758744,
        "narHash": "sha256-7NosBk+BWfU9/2R6Sh5GjoUwE0Bu+/t0voPHikVbQqE=",
        "owner": "hasundue",
        "repo": "nvim",
        "rev": "6da43b91405850235ec6e3c6901b21a9a02ae5f0",
        "type": "github"
      },
      "original": {
        "owner": "hasundue",
        "repo": "nvim",
        "type": "github"
      }
    },
    "nvim-dev": {
      "inputs": {
        "im-switch-nvim": "im-switch-nvim_2",
        "nixpkgs": "nixpkgs_3",
        "opencode-nvim": "opencode-nvim"
      },
      "locked": {
        "path": "..",
        "type": "path"
      },
      "original": {
        "path": "..",
        "type": "path"
      },
      "parent": []
    },
    "opencode-nvim": {
      "flake": false,
      "locked": {
        "lastModified": 1760721743,
        "narHash": "sha256-56ElFptgARlinzDtPPvD9BXq5obpc7teflIjpnMqleU=",
        "owner": "NickvanDyke",
        "repo": "opencode.nvim",
        "rev": "f8a3a88ad5c0c01102fedaacb1c612a4b874ed54",
        "type": "github"
      },
      "original": {
        "owner": "NickvanDyke",
        "repo": "opencode.nvim",
        "type": "github"
      }
    },
    "root": {
      "inputs": {
        "git-hooks": "git-hooks",
        "nvim": "nvim",
        "nvim-dev": "nvim-dev",
        "treefmt-nix": "treefmt-nix"
      }
    },
    "treefmt-nix": {
      "inputs": {
        "nixpkgs": "nixpkgs_4"
      },
      "locked": {
        "lastModified": 1760120816,
        "narHash": "sha256-gq9rdocpmRZCwLS5vsHozwB6b5nrOBDNc2kkEaTXHfg=",
        "owner": "numtide",
        "repo": "treefmt-nix",
        "rev": "761ae7aff00907b607125b2f57338b74177697ed",
        "type": "github"
      },
      "original": {
        "owner": "numtide",
        "repo": "treefmt-nix",
        "type": "github"
      }
    }
  },
  "root": "root",
  "version": 7
}
